// !$*UTF8*$!
{
	archiveVersion = 1;
	classes = {
	};
	objectVersion = 46;
	objects = {

/* Begin PBXBuildFile section */
		BD05E1061EAD9E510017EB90 /* robot_red.png in Resources */ = {isa = PBXBuildFile; fileRef = BD05E1051EAD9E510017EB90 /* robot_red.png */; };
		BD4E5AD51EAC5F2200705D96 /* AppDelegate.swift in Sources */ = {isa = PBXBuildFile; fileRef = BD4E5AD41EAC5F2200705D96 /* AppDelegate.swift */; };
		BD4E5AD71EAC5F2200705D96 /* GameScene.sks in Resources */ = {isa = PBXBuildFile; fileRef = BD4E5AD61EAC5F2200705D96 /* GameScene.sks */; };
		BD4E5AD91EAC5F2200705D96 /* Actions.sks in Resources */ = {isa = PBXBuildFile; fileRef = BD4E5AD81EAC5F2200705D96 /* Actions.sks */; };
		BD4E5ADB1EAC5F2200705D96 /* GameScene.swift in Sources */ = {isa = PBXBuildFile; fileRef = BD4E5ADA1EAC5F2200705D96 /* GameScene.swift */; };
		BD4E5ADD1EAC5F2200705D96 /* GameViewController.swift in Sources */ = {isa = PBXBuildFile; fileRef = BD4E5ADC1EAC5F2200705D96 /* GameViewController.swift */; };
		BD4E5AE01EAC5F2200705D96 /* Main.storyboard in Resources */ = {isa = PBXBuildFile; fileRef = BD4E5ADE1EAC5F2200705D96 /* Main.storyboard */; };
		BD4E5AE21EAC5F2200705D96 /* Assets.xcassets in Resources */ = {isa = PBXBuildFile; fileRef = BD4E5AE11EAC5F2200705D96 /* Assets.xcassets */; };
		BD4E5AE51EAC5F2200705D96 /* LaunchScreen.storyboard in Resources */ = {isa = PBXBuildFile; fileRef = BD4E5AE31EAC5F2200705D96 /* LaunchScreen.storyboard */; };
/* End PBXBuildFile section */

/* Begin PBXFileReference section */
		BD05E1051EAD9E510017EB90 /* robot_red.png */ = {isa = PBXFileReference; lastKnownFileType = image.png; path = robot_red.png; sourceTree = "<group>"; };
		BD4E5AD11EAC5F2200705D96 /* p07-ademola.app */ = {isa = PBXFileReference; explicitFileType = wrapper.application; includeInIndex = 0; path = "p07-ademola.app"; sourceTree = BUILT_PRODUCTS_DIR; };
		BD4E5AD41EAC5F2200705D96 /* AppDelegate.swift */ = {isa = PBXFileReference; lastKnownFileType = sourcecode.swift; path = AppDelegate.swift; sourceTree = "<group>"; };
		BD4E5AD61EAC5F2200705D96 /* GameScene.sks */ = {isa = PBXFileReference; lastKnownFileType = file.sks; path = GameScene.sks; sourceTree = "<group>"; };
		BD4E5AD81EAC5F2200705D96 /* Actions.sks */ = {isa = PBXFileReference; lastKnownFileType = file.sks; path = Actions.sks; sourceTree = "<group>"; };
		BD4E5ADA1EAC5F2200705D96 /* GameScene.swift */ = {isa = PBXFileReference; lastKnownFileType = sourcecode.swift; path = GameScene.swift; sourceTree = "<group>"; };
		BD4E5ADC1EAC5F2200705D96 /* GameViewController.swift */ = {isa = PBXFileReference; lastKnownFileType = sourcecode.swift; path = GameViewController.swift; sourceTree = "<group>"; };
		BD4E5ADF1EAC5F2200705D96 /* Base */ = {isa = PBXFileReference; lastKnownFileType = file.storyboard; name = Base; path = Base.lproj/Main.storyboard; sourceTree = "<group>"; };
		BD4E5AE11EAC5F2200705D96 /* Assets.xcassets */ = {isa = PBXFileReference; lastKnownFileType = folder.assetcatalog; path = Assets.xcassets; sourceTree = "<group>"; };
		BD4E5AE41EAC5F2200705D96 /* Base */ = {isa = PBXFileReference; lastKnownFileType = file.storyboard; name = Base; path = Base.lproj/LaunchScreen.storyboard; sourceTree = "<group>"; };
		BD4E5AE61EAC5F2200705D96 /* Info.plist */ = {isa = PBXFileReference; lastKnownFileType = text.plist.xml; path = Info.plist; sourceTree = "<group>"; };
/* End PBXFileReference section */

/* Begin PBXFrameworksBuildPhase section */
		BD4E5ACE1EAC5F2200705D96 /* Frameworks */ = {
			isa = PBXFrameworksBuildPhase;
			buildActionMask = 2147483647;
			files = (
			);
			runOnlyForDeploymentPostprocessing = 0;
		};
/* End PBXFrameworksBuildPhase section */

/* Begin PBXGroup section */
		BD4E5AC81EAC5F2100705D96 = {
			isa = PBXGroup;
			children = (
				BD4E5AD31EAC5F2200705D96 /* p07-ademola */,
				BD4E5AD21EAC5F2200705D96 /* Products */,
			);
			sourceTree = "<group>";
		};
		BD4E5AD21EAC5F2200705D96 /* Products */ = {
			isa = PBXGroup;
			children = (
				BD4E5AD11EAC5F2200705D96 /* p07-ademola.app */,
			);
			name = Products;
			sourceTree = "<group>";
		};
		BD4E5AD31EAC5F2200705D96 /* p07-ademola */ = {
			isa = PBXGroup;
			children = (
				BD4E5AD41EAC5F2200705D96 /* AppDelegate.swift */,
				BD4E5AD61EAC5F2200705D96 /* GameScene.sks */,
				BD4E5AD81EAC5F2200705D96 /* Actions.sks */,
				BD4E5ADA1EAC5F2200705D96 /* GameScene.swift */,
				BD4E5ADC1EAC5F2200705D96 /* GameViewController.swift */,
				BD4E5ADE1EAC5F2200705D96 /* Main.storyboard */,
				BD4E5AE11EAC5F2200705D96 /* Assets.xcassets */,
				BD4E5AE31EAC5F2200705D96 /* LaunchScreen.storyboard */,
				BD4E5AE61EAC5F2200705D96 /* Info.plist */,
				BD05E1051EAD9E510017EB90 /* robot_red.png */,
			);
			path = "p07-ademola";
			sourceTree = "<group>";
		};
/* End PBXGroup section */

/* Begin PBXNativeTarget section */
		BD4E5AD01EAC5F2200705D96 /* p07-ademola */ = {
			isa = PBXNativeTarget;
			buildConfigurationList = BD4E5AE91EAC5F2200705D96 /* Build configuration list for PBXNativeTarget "p07-ademola" */;
			buildPhases = (
				BD4E5ACD1EAC5F2200705D96 /* Sources */,
				BD4E5ACE1EAC5F2200705D96 /* Frameworks */,
				BD4E5ACF1EAC5F2200705D96 /* Resources */,
			);
			buildRules = (
			);
			dependencies = (
			);
			name = "p07-ademola";
			productName = "p07-ademola";
			productReference = BD4E5AD11EAC5F2200705D96 /* p07-ademola.app */;
			productType = "com.apple.product-type.application";
		};
/* End PBXNativeTarget section */

/* Begin PBXProject section */
		BD4E5AC91EAC5F2100705D96 /* Project object */ = {
			isa = PBXProject;
			attributes = {
				LastSwiftUpdateCheck = 0820;
				LastUpgradeCheck = 0820;
				ORGANIZATIONNAME = Lynda;
				TargetAttributes = {
					BD4E5AD01EAC5F2200705D96 = {
						CreatedOnToolsVersion = 8.2.1;
						ProvisioningStyle = Automatic;
					};
				};
			};
			buildConfigurationList = BD4E5ACC1EAC5F2100705D96 /* Build configuration list for PBXProject "p07-ademola" */;
			compatibilityVersion = "Xcode 3.2";
			developmentRegion = English;
			hasScannedForEncodings = 0;
			knownRegions = (
				en,
				Base,
			);
			mainGroup = BD4E5AC81EAC5F2100705D96;
			productRefGroup = BD4E5AD21EAC5F2200705D96 /* Products */;
			projectDirPath = "";
			projectRoot = "";
			targets = (
				BD4E5AD01EAC5F2200705D96 /* p07-ademola */,
			);
		};
/* End PBXProject section */

/* Begin PBXResourcesBuildPhase section */
		BD4E5ACF1EAC5F2200705D96 /* Resources */ = {
			isa = PBXResourcesBuildPhase;
			buildActionMask = 2147483647;
			files = (
				BD4E5AE01EAC5F2200705D96 /* Main.storyboard in Resources */,
				BD4E5AD71EAC5F2200705D96 /* GameScene.sks in Resources */,
				BD05E1061EAD9E510017EB90 /* robot_red.png in Resources */,
				BD4E5AE21EAC5F2200705D96 /* Assets.xcassets in Resources */,
				BD4E5AE51EAC5F2200705D96 /* LaunchScreen.storyboard in Resources */,
				BD4E5AD91EAC5F2200705D96 /* Actions.sks in Resources */,
			);
			runOnlyForDeploymentPostprocessing = 0;
		};
/* End PBXResourcesBuildPhase section */

/* Begin PBXSourcesBuildPhase section */
		BD4E5ACD1EAC5F2200705D96 /* Sources */ = {
			isa = PBXSourcesBuildPhase;
			buildActionMask = 2147483647;
			files = (
				BD4E5ADB1EAC5F2200705D96 /* GameScene.swift in Sources */,
				BD4E5ADD1EAC5F2200705D96 /* GameViewController.swift in Sources */,
				BD4E5AD51EAC5F2200705D96 /* AppDelegate.swift in Sources */,
			);
			runOnlyForDeploymentPostprocessing = 0;
		};
/* End PBXSourcesBuildPhase section */

/* Begin PBXVariantGroup section */
		BD4E5ADE1EAC5F2200705D96 /* Main.storyboard */ = {
			isa = PBXVariantGroup;
			children = (
				BD4E5ADF1EAC5F2200705D96 /* Base */,
			);
			name = Main.storyboard;
			sourceTree = "<group>";
		};
		BD4E5AE31EAC5F2200705D96 /* LaunchScreen.storyboard */ = {
			isa = PBXVariantGroup;
			children = (
				BD4E5AE41EAC5F2200705D96 /* Base */,
			);
			name = LaunchScreen.storyboard;
			sourceTree = "<group>";
		};
/* End PBXVariantGroup section */

/* Begin XCBuildConfiguration section */
		BD4E5AE71EAC5F2200705D96 /* Debug */ = {
			isa = XCBuildConfiguration;
			buildSettings = {
				ALWAYS_SEARCH_USER_PATHS = NO;
				CLANG_ANALYZER_NONNULL = YES;
				CLANG_CXX_LANGUAGE_STANDARD = "gnu++0x";
				CLANG_CXX_LIBRARY = "libc++";
				CLANG_ENABLE_MODULES = YES;
				CLANG_ENABLE_OBJC_ARC = YES;
				CLANG_WARN_BOOL_CONVERSION = YES;
				CLANG_WARN_CONSTANT_CONVERSION = YES;
				CLANG_WARN_DIRECT_OBJC_ISA_USAGE = YES_ERROR;
				CLANG_WARN_DOCUMENTATION_COMMENTS = YES;
				CLANG_WARN_EMPTY_BODY = YES;
				CLANG_WARN_ENUM_CONVERSION = YES;
				CLANG_WARN_INFINITE_RECURSION = YES;
				CLANG_WARN_INT_CONVERSION = YES;
				CLANG_WARN_OBJC_ROOT_CLASS = YES_ERROR;
				CLANG_WARN_SUSPICIOUS_MOVE = YES;
				CLANG_WARN_UNREACHABLE_CODE = YES;
				CLANG_WARN__DUPLICATE_METHOD_MATCH = YES;
				"CODE_SIGN_IDENTITY[sdk=iphoneos*]" = "iPhone Developer";
				COPY_PHASE_STRIP = NO;
				DEBUG_INFORMATION_FORMAT = dwarf;
				ENABLE_STRICT_OBJC_MSGSEND = YES;
				ENABLE_TESTABILITY = YES;
				GCC_C_LANGUAGE_STANDARD = gnu99;
				GCC_DYNAMIC_NO_PIC = NO;
				GCC_NO_COMMON_BLOCKS = YES;
				GCC_OPTIMIZATION_LEVEL = 0;
				GCC_PREPROCESSOR_DEFINITIONS = (
					"DEBUG=1",
					"$(inherited)",
				);
				GCC_WARN_64_TO_32_BIT_CONVERSION = YES;
				GCC_WARN_ABOUT_RETURN_TYPE = YES_ERROR;
				GCC_WARN_UNDECLARED_SELECTOR = YES;
				GCC_WARN_UNINITIALIZED_AUTOS = YES_AGGRESSIVE;
				GCC_WARN_UNUSED_FUNCTION = YES;
				GCC_WARN_UNUSED_VARIABLE = YES;
				IPHONEOS_DEPLOYMENT_TARGET = 10.2;
				MTL_ENABLE_DEBUG_INFO = YES;
				ONLY_ACTIVE_ARCH = YES;
				SDKROOT = iphoneos;
				SWIFT_ACTIVE_COMPILATION_CONDITIONS = DEBUG;
				SWIFT_OPTIMIZATION_LEVEL = "-Onone";
			};
			name = Debug;
		};
		BD4E5AE81EAC5F2200705D96 /* Release */ = {
			isa = XCBuildConfiguration;
			buildSettings = {
				ALWAYS_SEARCH_USER_PATHS = NO;
				CLANG_ANALYZER_NONNULL = YES;
				CLANG_CXX_LANGUAGE_STANDARD = "gnu++0x";
				CLANG_CXX_LIBRARY = "libc++";
				CLANG_ENABLE_MODULES = YES;
				CLANG_ENABLE_OBJC_ARC = YES;
				CLANG_WARN_BOOL_CONVERSION = YES;
				CLANG_WARN_CONSTANT_CONVERSION = YES;
				CLANG_WARN_DIRECT_OBJC_ISA_USAGE = YES_ERROR;
				CLANG_WARN_DOCUMENTATION_COMMENTS = YES;
				CLANG_WARN_EMPTY_BODY = YES;
				CLANG_WARN_ENUM_CONVERSION = YES;
				CLANG_WARN_INFINITE_RECURSION = YES;
				CLANG_WARN_INT_CONVERSION = YES;
				CLANG_WARN_OBJC_ROOT_CLASS = YES_ERROR;
				CLANG_WARN_SUSPICIOUS_MOVE = YES;
				CLANG_WARN_UNREACHABLE_CODE = YES;
				CLANG_WARN__DUPLICATE_METHOD_MATCH = YES;
				"CODE_SIGN_IDENTITY[sdk=iphoneos*]" = "iPhone Developer";
				COPY_PHASE_STRIP = NO;
				DEBUG_INFORMATION_FORMAT = "dwarf-with-dsym";
				ENABLE_NS_ASSERTIONS = NO;
				ENABLE_STRICT_OBJC_MSGSEND = YES;
				GCC_C_LANGUAGE_STANDARD = gnu99;
				GCC_NO_COMMON_BLOCKS = YES;
				GCC_WARN_64_TO_32_BIT_CONVERSION = YES;
				GCC_WARN_ABOUT_RETURN_TYPE = YES_ERROR;
				GCC_WARN_UNDECLARED_SELECTOR = YES;
				GCC_WARN_UNINITIALIZED_AUTOS = YES_AGGRESSIVE;
				GCC_WARN_UNUSED_FUNCTION = YES;
				GCC_WARN_UNUSED_VARIABLE = YES;
				IPHONEOS_DEPLOYMENT_TARGET = 10.2;
				MTL_ENABLE_DEBUG_INFO = NO;
				SDKROOT = iphoneos;
				SWIFT_OPTIMIZATION_LEVEL = "-Owholemodule";
				VALIDATE_PRODUCT = YES;
			};
			name = Release;
		};
		BD4E5AEA1EAC5F2200705D96 /* Debug */ = {
			isa = XCBuildConfiguration;
			buildSettings = {
				ASSETCATALOG_COMPILER_APPICON_NAME = AppIcon;
				INFOPLIST_FILE = "p07-ademola/Info.plist";
				LD_RUNPATH_SEARCH_PATHS = "$(inherited) @executable_path/Frameworks";
				PRODUCT_BUNDLE_IDENTIFIER = "cs441.p07-ademola";
				PRODUCT_NAME = "$(TARGET_NAME)";
				SWIFT_VERSION = 3.0;
			};
			name = Debug;
		};
		BD4E5AEB1EAC5F2200705D96 /* Release */ = {
			isa = XCBuildConfiguration;
			buildSettings = {
				ASSETCATALOG_COMPILER_APPICON_NAME = AppIcon;
				INFOPLIST_FILE = "p07-ademola/Info.plist";
				LD_RUNPATH_SEARCH_PATHS = "$(inherited) @executable_path/Frameworks";
				PRODUCT_BUNDLE_IDENTIFIER = "cs441.p07-ademola";
				PRODUCT_NAME = "$(TARGET_NAME)";
				SWIFT_VERSION = 3.0;
			};
			name = Release;
		};
/* End XCBuildConfiguration section */

/* Begin XCConfigurationList section */
		BD4E5ACC1EAC5F2100705D96 /* Build configuration list for PBXProject "p07-ademola" */ = {
			isa = XCConfigurationList;
			buildConfigurations = (
				BD4E5AE71EAC5F2200705D96 /* Debug */,
				BD4E5AE81EAC5F2200705D96 /* Release */,
			);
			defaultConfigurationIsVisible = 0;
			defaultConfigurationName = Release;
		};
		BD4E5AE91EAC5F2200705D96 /* Build configuration list for PBXNativeTarget "p07-ademola" */ = {
			isa = XCConfigurationList;
			buildConfigurations = (
				BD4E5AEA1EAC5F2200705D96 /* Debug */,
				BD4E5AEB1EAC5F2200705D96 /* Release */,
			);
			defaultConfigurationIsVisible = 0;
			defaultConfigurationName = Release;
		};
/* End XCConfigurationList section */
	};
	rootObject = BD4E5AC91EAC5F2100705D96 /* Project object */;
}
