// !$*UTF8*$!
{
	archiveVersion = 1;
	classes = {
	};
	objectVersion = 46;
	objects = {

/* Begin PBXBuildFile section */
		BDD32C941EA9B3BC003450A9 /* main.m in Sources */ = {isa = PBXBuildFile; fileRef = BDD32C931EA9B3BC003450A9 /* main.m */; };
		BDD32C971EA9B3BC003450A9 /* AppDelegate.m in Sources */ = {isa = PBXBuildFile; fileRef = BDD32C961EA9B3BC003450A9 /* AppDelegate.m */; };
		BDD32C991EA9B3BC003450A9 /* GameScene.sks in Resources */ = {isa = PBXBuildFile; fileRef = BDD32C981EA9B3BC003450A9 /* GameScene.sks */; };
		BDD32C9B1EA9B3BC003450A9 /* Actions.sks in Resources */ = {isa = PBXBuildFile; fileRef = BDD32C9A1EA9B3BC003450A9 /* Actions.sks */; };
		BDD32C9E1EA9B3BC003450A9 /* GameScene.m in Sources */ = {isa = PBXBuildFile; fileRef = BDD32C9D1EA9B3BC003450A9 /* GameScene.m */; };
		BDD32CA11EA9B3BC003450A9 /* GameViewController.m in Sources */ = {isa = PBXBuildFile; fileRef = BDD32CA01EA9B3BC003450A9 /* GameViewController.m */; };
		BDD32CA41EA9B3BC003450A9 /* Main.storyboard in Resources */ = {isa = PBXBuildFile; fileRef = BDD32CA21EA9B3BC003450A9 /* Main.storyboard */; };
		BDD32CA61EA9B3BC003450A9 /* Assets.xcassets in Resources */ = {isa = PBXBuildFile; fileRef = BDD32CA51EA9B3BC003450A9 /* Assets.xcassets */; };
		BDD32CA91EA9B3BC003450A9 /* LaunchScreen.storyboard in Resources */ = {isa = PBXBuildFile; fileRef = BDD32CA71EA9B3BC003450A9 /* LaunchScreen.storyboard */; };
/* End PBXBuildFile section */

/* Begin PBXFileReference section */
		BDD32C8F1EA9B3BC003450A9 /* p07-ademola.app */ = {isa = PBXFileReference; explicitFileType = wrapper.application; includeInIndex = 0; path = "p07-ademola.app"; sourceTree = BUILT_PRODUCTS_DIR; };
		BDD32C931EA9B3BC003450A9 /* main.m */ = {isa = PBXFileReference; lastKnownFileType = sourcecode.c.objc; path = main.m; sourceTree = "<group>"; };
		BDD32C951EA9B3BC003450A9 /* AppDelegate.h */ = {isa = PBXFileReference; lastKnownFileType = sourcecode.c.h; path = AppDelegate.h; sourceTree = "<group>"; };
		BDD32C961EA9B3BC003450A9 /* AppDelegate.m */ = {isa = PBXFileReference; lastKnownFileType = sourcecode.c.objc; path = AppDelegate.m; sourceTree = "<group>"; };
		BDD32C981EA9B3BC003450A9 /* GameScene.sks */ = {isa = PBXFileReference; lastKnownFileType = file.sks; path = GameScene.sks; sourceTree = "<group>"; };
		BDD32C9A1EA9B3BC003450A9 /* Actions.sks */ = {isa = PBXFileReference; lastKnownFileType = file.sks; path = Actions.sks; sourceTree = "<group>"; };
		BDD32C9C1EA9B3BC003450A9 /* GameScene.h */ = {isa = PBXFileReference; lastKnownFileType = sourcecode.c.h; path = GameScene.h; sourceTree = "<group>"; };
		BDD32C9D1EA9B3BC003450A9 /* GameScene.m */ = {isa = PBXFileReference; lastKnownFileType = sourcecode.c.objc; path = GameScene.m; sourceTree = "<group>"; };
		BDD32C9F1EA9B3BC003450A9 /* GameViewController.h */ = {isa = PBXFileReference; lastKnownFileType = sourcecode.c.h; path = GameViewController.h; sourceTree = "<group>"; };
		BDD32CA01EA9B3BC003450A9 /* GameViewController.m */ = {isa = PBXFileReference; lastKnownFileType = sourcecode.c.objc; path = GameViewController.m; sourceTree = "<group>"; };
		BDD32CA31EA9B3BC003450A9 /* Base */ = {isa = PBXFileReference; lastKnownFileType = file.storyboard; name = Base; path = Base.lproj/Main.storyboard; sourceTree = "<group>"; };
		BDD32CA51EA9B3BC003450A9 /* Assets.xcassets */ = {isa = PBXFileReference; lastKnownFileType = folder.assetcatalog; path = Assets.xcassets; sourceTree = "<group>"; };
		BDD32CA81EA9B3BC003450A9 /* Base */ = {isa = PBXFileReference; lastKnownFileType = file.storyboard; name = Base; path = Base.lproj/LaunchScreen.storyboard; sourceTree = "<group>"; };
		BDD32CAA1EA9B3BC003450A9 /* Info.plist */ = {isa = PBXFileReference; lastKnownFileType = text.plist.xml; path = Info.plist; sourceTree = "<group>"; };
/* End PBXFileReference section */

/* Begin PBXFrameworksBuildPhase section */
		BDD32C8C1EA9B3BC003450A9 /* Frameworks */ = {
			isa = PBXFrameworksBuildPhase;
			buildActionMask = 2147483647;
			files = (
			);
			runOnlyForDeploymentPostprocessing = 0;
		};
/* End PBXFrameworksBuildPhase section */

/* Begin PBXGroup section */
		BDD32C861EA9B3BB003450A9 = {
			isa = PBXGroup;
			children = (
				BDD32C911EA9B3BC003450A9 /* p07-ademola */,
				BDD32C901EA9B3BC003450A9 /* Products */,
			);
			sourceTree = "<group>";
		};
		BDD32C901EA9B3BC003450A9 /* Products */ = {
			isa = PBXGroup;
			children = (
				BDD32C8F1EA9B3BC003450A9 /* p07-ademola.app */,
			);
			name = Products;
			sourceTree = "<group>";
		};
		BDD32C911EA9B3BC003450A9 /* p07-ademola */ = {
			isa = PBXGroup;
			children = (
				BDD32C951EA9B3BC003450A9 /* AppDelegate.h */,
				BDD32C961EA9B3BC003450A9 /* AppDelegate.m */,
				BDD32C981EA9B3BC003450A9 /* GameScene.sks */,
				BDD32C9A1EA9B3BC003450A9 /* Actions.sks */,
				BDD32C9C1EA9B3BC003450A9 /* GameScene.h */,
				BDD32C9D1EA9B3BC003450A9 /* GameScene.m */,
				BDD32C9F1EA9B3BC003450A9 /* GameViewController.h */,
				BDD32CA01EA9B3BC003450A9 /* GameViewController.m */,
				BDD32CA21EA9B3BC003450A9 /* Main.storyboard */,
				BDD32CA51EA9B3BC003450A9 /* Assets.xcassets */,
				BDD32CA71EA9B3BC003450A9 /* LaunchScreen.storyboard */,
				BDD32CAA1EA9B3BC003450A9 /* Info.plist */,
				BDD32C921EA9B3BC003450A9 /* Supporting Files */,
			);
			path = "p07-ademola";
			sourceTree = "<group>";
		};
		BDD32C921EA9B3BC003450A9 /* Supporting Files */ = {
			isa = PBXGroup;
			children = (
				BDD32C931EA9B3BC003450A9 /* main.m */,
			);
			name = "Supporting Files";
			sourceTree = "<group>";
		};
/* End PBXGroup section */

/* Begin PBXNativeTarget section */
		BDD32C8E1EA9B3BC003450A9 /* p07-ademola */ = {
			isa = PBXNativeTarget;
			buildConfigurationList = BDD32CAD1EA9B3BC003450A9 /* Build configuration list for PBXNativeTarget "p07-ademola" */;
			buildPhases = (
				BDD32C8B1EA9B3BC003450A9 /* Sources */,
				BDD32C8C1EA9B3BC003450A9 /* Frameworks */,
				BDD32C8D1EA9B3BC003450A9 /* Resources */,
			);
			buildRules = (
			);
			dependencies = (
			);
			name = "p07-ademola";
			productName = "p07-ademola";
			productReference = BDD32C8F1EA9B3BC003450A9 /* p07-ademola.app */;
			productType = "com.apple.product-type.application";
		};
/* End PBXNativeTarget section */

/* Begin PBXProject section */
		BDD32C871EA9B3BB003450A9 /* Project object */ = {
			isa = PBXProject;
			attributes = {
				LastUpgradeCheck = 0820;
				ORGANIZATIONNAME = Lynda;
				TargetAttributes = {
					BDD32C8E1EA9B3BC003450A9 = {
						CreatedOnToolsVersion = 8.2.1;
						ProvisioningStyle = Automatic;
					};
				};
			};
			buildConfigurationList = BDD32C8A1EA9B3BC003450A9 /* Build configuration list for PBXProject "p07-ademola" */;
			compatibilityVersion = "Xcode 3.2";
			developmentRegion = English;
			hasScannedForEncodings = 0;
			knownRegions = (
				en,
				Base,
			);
			mainGroup = BDD32C861EA9B3BB003450A9;
			productRefGroup = BDD32C901EA9B3BC003450A9 /* Products */;
			projectDirPath = "";
			projectRoot = "";
			targets = (
				BDD32C8E1EA9B3BC003450A9 /* p07-ademola */,
			);
		};
/* End PBXProject section */

/* Begin PBXResourcesBuildPhase section */
		BDD32C8D1EA9B3BC003450A9 /* Resources */ = {
			isa = PBXResourcesBuildPhase;
			buildActionMask = 2147483647;
			files = (
				BDD32CA41EA9B3BC003450A9 /* Main.storyboard in Resources */,
				BDD32C991EA9B3BC003450A9 /* GameScene.sks in Resources */,
				BDD32CA61EA9B3BC003450A9 /* Assets.xcassets in Resources */,
				BDD32CA91EA9B3BC003450A9 /* LaunchScreen.storyboard in Resources */,
				BDD32C9B1EA9B3BC003450A9 /* Actions.sks in Resources */,
			);
			runOnlyForDeploymentPostprocessing = 0;
		};
/* End PBXResourcesBuildPhase section */

/* Begin PBXSourcesBuildPhase section */
		BDD32C8B1EA9B3BC003450A9 /* Sources */ = {
			isa = PBXSourcesBuildPhase;
			buildActionMask = 2147483647;
			files = (
				BDD32CA11EA9B3BC003450A9 /* GameViewController.m in Sources */,
				BDD32C971EA9B3BC003450A9 /* AppDelegate.m in Sources */,
				BDD32C9E1EA9B3BC003450A9 /* GameScene.m in Sources */,
				BDD32C941EA9B3BC003450A9 /* main.m in Sources */,
			);
			runOnlyForDeploymentPostprocessing = 0;
		};
/* End PBXSourcesBuildPhase section */

/* Begin PBXVariantGroup section */
		BDD32CA21EA9B3BC003450A9 /* Main.storyboard */ = {
			isa = PBXVariantGroup;
			children = (
				BDD32CA31EA9B3BC003450A9 /* Base */,
			);
			name = Main.storyboard;
			sourceTree = "<group>";
		};
		BDD32CA71EA9B3BC003450A9 /* LaunchScreen.storyboard */ = {
			isa = PBXVariantGroup;
			children = (
				BDD32CA81EA9B3BC003450A9 /* Base */,
			);
			name = LaunchScreen.storyboard;
			sourceTree = "<group>";
		};
/* End PBXVariantGroup section */

/* Begin XCBuildConfiguration section */
		BDD32CAB1EA9B3BC003450A9 /* Debug */ = {
			isa = XCBuildConfiguration;
			buildSettings = {
				ALWAYS_SEARCH_USER_PATHS = NO;
				CLANG_ANALYZER_NONNULL = YES;
				CLANG_CXX_LANGUAGE_STANDARD = "gnu++0x";
				CLANG_CXX_LIBRARY = "libc++";
				CLANG_ENABLE_MODULES = YES;
				CLANG_ENABLE_OBJC_ARC = YES;
				CLANG_WARN_BOOL_CONVERSION = YES;
				CLANG_WARN_CONSTANT_CONVERSION = YES;
				CLANG_WARN_DIRECT_OBJC_ISA_USAGE = YES_ERROR;
				CLANG_WARN_DOCUMENTATION_COMMENTS = YES;
				CLANG_WARN_EMPTY_BODY = YES;
				CLANG_WARN_ENUM_CONVERSION = YES;
				CLANG_WARN_INFINITE_RECURSION = YES;
				CLANG_WARN_INT_CONVERSION = YES;
				CLANG_WARN_OBJC_ROOT_CLASS = YES_ERROR;
				CLANG_WARN_SUSPICIOUS_MOVE = YES;
				CLANG_WARN_UNREACHABLE_CODE = YES;
				CLANG_WARN__DUPLICATE_METHOD_MATCH = YES;
				"CODE_SIGN_IDENTITY[sdk=iphoneos*]" = "iPhone Developer";
				COPY_PHASE_STRIP = NO;
				DEBUG_INFORMATION_FORMAT = dwarf;
				ENABLE_STRICT_OBJC_MSGSEND = YES;
				ENABLE_TESTABILITY = YES;
				GCC_C_LANGUAGE_STANDARD = gnu99;
				GCC_DYNAMIC_NO_PIC = NO;
				GCC_NO_COMMON_BLOCKS = YES;
				GCC_OPTIMIZATION_LEVEL = 0;
				GCC_PREPROCESSOR_DEFINITIONS = (
					"DEBUG=1",
					"$(inherited)",
				);
				GCC_WARN_64_TO_32_BIT_CONVERSION = YES;
				GCC_WARN_ABOUT_RETURN_TYPE = YES_ERROR;
				GCC_WARN_UNDECLARED_SELECTOR = YES;
				GCC_WARN_UNINITIALIZED_AUTOS = YES_AGGRESSIVE;
				GCC_WARN_UNUSED_FUNCTION = YES;
				GCC_WARN_UNUSED_VARIABLE = YES;
				IPHONEOS_DEPLOYMENT_TARGET = 10.2;
				MTL_ENABLE_DEBUG_INFO = YES;
				ONLY_ACTIVE_ARCH = YES;
				SDKROOT = iphoneos;
			};
			name = Debug;
		};
		BDD32CAC1EA9B3BC003450A9 /* Release */ = {
			isa = XCBuildConfiguration;
			buildSettings = {
				ALWAYS_SEARCH_USER_PATHS = NO;
				CLANG_ANALYZER_NONNULL = YES;
				CLANG_CXX_LANGUAGE_STANDARD = "gnu++0x";
				CLANG_CXX_LIBRARY = "libc++";
				CLANG_ENABLE_MODULES = YES;
				CLANG_ENABLE_OBJC_ARC = YES;
				CLANG_WARN_BOOL_CONVERSION = YES;
				CLANG_WARN_CONSTANT_CONVERSION = YES;
				CLANG_WARN_DIRECT_OBJC_ISA_USAGE = YES_ERROR;
				CLANG_WARN_DOCUMENTATION_COMMENTS = YES;
				CLANG_WARN_EMPTY_BODY = YES;
				CLANG_WARN_ENUM_CONVERSION = YES;
				CLANG_WARN_INFINITE_RECURSION = YES;
				CLANG_WARN_INT_CONVERSION = YES;
				CLANG_WARN_OBJC_ROOT_CLASS = YES_ERROR;
				CLANG_WARN_SUSPICIOUS_MOVE = YES;
				CLANG_WARN_UNREACHABLE_CODE = YES;
				CLANG_WARN__DUPLICATE_METHOD_MATCH = YES;
				"CODE_SIGN_IDENTITY[sdk=iphoneos*]" = "iPhone Developer";
				COPY_PHASE_STRIP = NO;
				DEBUG_INFORMATION_FORMAT = "dwarf-with-dsym";
				ENABLE_NS_ASSERTIONS = NO;
				ENABLE_STRICT_OBJC_MSGSEND = YES;
				GCC_C_LANGUAGE_STANDARD = gnu99;
				GCC_NO_COMMON_BLOCKS = YES;
				GCC_WARN_64_TO_32_BIT_CONVERSION = YES;
				GCC_WARN_ABOUT_RETURN_TYPE = YES_ERROR;
				GCC_WARN_UNDECLARED_SELECTOR = YES;
				GCC_WARN_UNINITIALIZED_AUTOS = YES_AGGRESSIVE;
				GCC_WARN_UNUSED_FUNCTION = YES;
				GCC_WARN_UNUSED_VARIABLE = YES;
				IPHONEOS_DEPLOYMENT_TARGET = 10.2;
				MTL_ENABLE_DEBUG_INFO = NO;
				SDKROOT = iphoneos;
				VALIDATE_PRODUCT = YES;
			};
			name = Release;
		};
		BDD32CAE1EA9B3BC003450A9 /* Debug */ = {
			isa = XCBuildConfiguration;
			buildSettings = {
				ASSETCATALOG_COMPILER_APPICON_NAME = AppIcon;
				INFOPLIST_FILE = "p07-ademola/Info.plist";
				LD_RUNPATH_SEARCH_PATHS = "$(inherited) @executable_path/Frameworks";
				PRODUCT_BUNDLE_IDENTIFIER = "cs441.p07-ademola";
				PRODUCT_NAME = "$(TARGET_NAME)";
			};
			name = Debug;
		};
		BDD32CAF1EA9B3BC003450A9 /* Release */ = {
			isa = XCBuildConfiguration;
			buildSettings = {
				ASSETCATALOG_COMPILER_APPICON_NAME = AppIcon;
				INFOPLIST_FILE = "p07-ademola/Info.plist";
				LD_RUNPATH_SEARCH_PATHS = "$(inherited) @executable_path/Frameworks";
				PRODUCT_BUNDLE_IDENTIFIER = "cs441.p07-ademola";
				PRODUCT_NAME = "$(TARGET_NAME)";
			};
			name = Release;
		};
/* End XCBuildConfiguration section */

/* Begin XCConfigurationList section */
		BDD32C8A1EA9B3BC003450A9 /* Build configuration list for PBXProject "p07-ademola" */ = {
			isa = XCConfigurationList;
			buildConfigurations = (
				BDD32CAB1EA9B3BC003450A9 /* Debug */,
				BDD32CAC1EA9B3BC003450A9 /* Release */,
			);
			defaultConfigurationIsVisible = 0;
			defaultConfigurationName = Release;
		};
		BDD32CAD1EA9B3BC003450A9 /* Build configuration list for PBXNativeTarget "p07-ademola" */ = {
			isa = XCConfigurationList;
			buildConfigurations = (
				BDD32CAE1EA9B3BC003450A9 /* Debug */,
				BDD32CAF1EA9B3BC003450A9 /* Release */,
			);
			defaultConfigurationIsVisible = 0;
		};
/* End XCConfigurationList section */
	};
	rootObject = BDD32C871EA9B3BB003450A9 /* Project object */;
}
